Microsoft Visual Studio Solution File, Format Version 12.00
# Visual Studio Version 17
VisualStudioVersion = 17.5.2.0
MinimumVisualStudioVersion = 10.0.40219.1
Project("{FAE04EC0-301F-11D3-BF4B-00C04F79EFBC}") = "blazertmp", "blazertmp\blazertmp.csproj", "{CD782B7B-2898-4FC7-A421-32F16996F0B4}"
EndProject
Global
	GlobalSection(SolutionConfigurationPlatforms) = preSolution
		Debug|Any CPU = Debug|Any CPU
		Release|Any CPU = Release|Any CPU
	EndGlobalSection
	GlobalSection(ProjectConfigurationPlatforms) = postSolution
		{CD782B7B-2898-4FC7-A421-32F16996F0B4}.Debug|Any CPU.ActiveCfg = Debug|Any CPU
		{CD782B7B-2898-4FC7-A421-32F16996F0B4}.Debug|Any CPU.Build.0 = Debug|Any CPU
		{CD782B7B-2898-4FC7-A421-32F16996F0B4}.Release|Any CPU.ActiveCfg = Release|Any CPU
		{CD782B7B-2898-4FC7-A421-32F16996F0B4}.Release|Any CPU.Build.0 = Release|Any CPU
	EndGlobalSection
	GlobalSection(SolutionProperties) = preSolution
		HideSolutionNode = FALSE
	EndGlobalSection
	GlobalSection(ExtensibilityGlobals) = postSolution
		SolutionGuid = {7DC5DF84-EE73-4766-84C1-CBCE46903E73}
	EndGlobalSection
EndGlobal
